
Microsoft Visual Studio Solution File, Format Version 12.00
# Visual Studio Version 17
VisualStudioVersion = 17.11.35208.52
MinimumVisualStudioVersion = 10.0.40219.1
Project("{FAE04EC0-301F-11D3-BF4B-00C04F79EFBC}") = "tarea de aula", "tarea de aula\tarea de aula.csproj", "{244EAB9B-CF24-43EA-AE62-0761D5EB6DBB}"
EndProject
Global
	GlobalSection(SolutionConfigurationPlatforms) = preSolution
		Debug|Any CPU = Debug|Any CPU
		Release|Any CPU = Release|Any CPU
	EndGlobalSection
	GlobalSection(ProjectConfigurationPlatforms) = postSolution
		{244EAB9B-CF24-43EA-AE62-0761D5EB6DBB}.Debug|Any CPU.ActiveCfg = Debug|Any CPU
		{244EAB9B-CF24-43EA-AE62-0761D5EB6DBB}.Debug|Any CPU.Build.0 = Debug|Any CPU
		{244EAB9B-CF24-43EA-AE62-0761D5EB6DBB}.Release|Any CPU.ActiveCfg = Release|Any CPU
		{244EAB9B-CF24-43EA-AE62-0761D5EB6DBB}.Release|Any CPU.Build.0 = Release|Any CPU
	EndGlobalSection
	GlobalSection(SolutionProperties) = preSolution
		HideSolutionNode = FALSE
	EndGlobalSection
	GlobalSection(ExtensibilityGlobals) = postSolution
		SolutionGuid = {BA7D6E4B-6500-4632-AC30-A8FDC5AE76FC}
	EndGlobalSection
EndGlobal
